
Microsoft Visual Studio Solution File, Format Version 12.00
# Visual Studio 14
VisualStudioVersion = 14.0.25420.1
MinimumVisualStudioVersion = 10.0.40219.1
Project("{FAE04EC0-301F-11D3-BF4B-00C04F79EFBC}") = "PrintNumbers", "DEV-1\PrintNumbers.csproj", "{50DA68F0-8C43-4047-96B6-055BBA08E544}"
EndProject
Project("{FAE04EC0-301F-11D3-BF4B-00C04F79EFBC}") = "CheckOnFibonacci", "DEV-3\CheckOnFibonacci.csproj", "{7E1757BF-FC62-4572-A08B-07A337FB8752}"
EndProject
Project("{FAE04EC0-301F-11D3-BF4B-00C04F79EFBC}") = "CheckSequence", "DEV-4\CheckSequence.csproj", "{C9113B91-2F67-44AF-86A5-E3DB1006DAEE}"
EndProject
Project("{FAE04EC0-301F-11D3-BF4B-00C04F79EFBC}") = "TypeOfTriangle", "DEV-7\TypeOfTriangle.csproj", "{E0131DEE-6E34-4187-BB7F-BEC16F484BA5}"
EndProject
Project("{FAE04EC0-301F-11D3-BF4B-00C04F79EFBC}") = "ReplacementOfCharacterGroups", "DEV-9\ReplacementOfCharacterGroups.csproj", "{0DB007E2-B61C-491C-AA9B-8B14A59DB73C}"
EndProject
Project("{FAE04EC0-301F-11D3-BF4B-00C04F79EFBC}") = "ProductsStorage", "DEV-8\ProductsStorage.csproj", "{CA5FD39C-18EA-47BA-A831-9E009FC09406}"
EndProject
Project("{FAE04EC0-301F-11D3-BF4B-00C04F79EFBC}") = "ProductsStorage.Tests", "DEV-8.Tests\ProductsStorage.Tests.csproj", "{83993B81-44A3-4F8C-ACA2-69C06956ADCC}"
EndProject
Project("{FAE04EC0-301F-11D3-BF4B-00C04F79EFBC}") = "Transliteration", "DEV-11\Transliteration.csproj", "{36151B09-93BA-4D4F-A51E-372BDC9B9DA1}"
EndProject
Project("{FAE04EC0-301F-11D3-BF4B-00C04F79EFBC}") = "CollectOneArrayFromN", "DEV-10\CollectOneArrayFromN.csproj", "{859644A8-9BB1-4E9C-B55A-0CAF2F4B5D77}"
EndProject
Project("{FAE04EC0-301F-11D3-BF4B-00C04F79EFBC}") = "TypeOfTriangle.Tests", "TypeOfTriangle.Tests\TypeOfTriangle.Tests.csproj", "{2105BA17-1BB3-43E3-9CB7-37F7CA733A1F}"
EndProject
Global
	GlobalSection(SolutionConfigurationPlatforms) = preSolution
		Debug|Any CPU = Debug|Any CPU
		Release|Any CPU = Release|Any CPU
	EndGlobalSection
	GlobalSection(ProjectConfigurationPlatforms) = postSolution
		{50DA68F0-8C43-4047-96B6-055BBA08E544}.Debug|Any CPU.ActiveCfg = Debug|Any CPU
		{50DA68F0-8C43-4047-96B6-055BBA08E544}.Debug|Any CPU.Build.0 = Debug|Any CPU
		{50DA68F0-8C43-4047-96B6-055BBA08E544}.Release|Any CPU.ActiveCfg = Release|Any CPU
		{50DA68F0-8C43-4047-96B6-055BBA08E544}.Release|Any CPU.Build.0 = Release|Any CPU
		{7E1757BF-FC62-4572-A08B-07A337FB8752}.Debug|Any CPU.ActiveCfg = Debug|Any CPU
		{7E1757BF-FC62-4572-A08B-07A337FB8752}.Debug|Any CPU.Build.0 = Debug|Any CPU
		{7E1757BF-FC62-4572-A08B-07A337FB8752}.Release|Any CPU.ActiveCfg = Release|Any CPU
		{7E1757BF-FC62-4572-A08B-07A337FB8752}.Release|Any CPU.Build.0 = Release|Any CPU
		{C9113B91-2F67-44AF-86A5-E3DB1006DAEE}.Debug|Any CPU.ActiveCfg = Debug|Any CPU
		{C9113B91-2F67-44AF-86A5-E3DB1006DAEE}.Debug|Any CPU.Build.0 = Debug|Any CPU
		{C9113B91-2F67-44AF-86A5-E3DB1006DAEE}.Release|Any CPU.ActiveCfg = Release|Any CPU
		{C9113B91-2F67-44AF-86A5-E3DB1006DAEE}.Release|Any CPU.Build.0 = Release|Any CPU
		{E0131DEE-6E34-4187-BB7F-BEC16F484BA5}.Debug|Any CPU.ActiveCfg = Debug|Any CPU
		{E0131DEE-6E34-4187-BB7F-BEC16F484BA5}.Debug|Any CPU.Build.0 = Debug|Any CPU
		{E0131DEE-6E34-4187-BB7F-BEC16F484BA5}.Release|Any CPU.ActiveCfg = Release|Any CPU
		{E0131DEE-6E34-4187-BB7F-BEC16F484BA5}.Release|Any CPU.Build.0 = Release|Any CPU
		{0DB007E2-B61C-491C-AA9B-8B14A59DB73C}.Debug|Any CPU.ActiveCfg = Debug|Any CPU
		{0DB007E2-B61C-491C-AA9B-8B14A59DB73C}.Debug|Any CPU.Build.0 = Debug|Any CPU
		{0DB007E2-B61C-491C-AA9B-8B14A59DB73C}.Release|Any CPU.ActiveCfg = Release|Any CPU
		{0DB007E2-B61C-491C-AA9B-8B14A59DB73C}.Release|Any CPU.Build.0 = Release|Any CPU
		{CA5FD39C-18EA-47BA-A831-9E009FC09406}.Debug|Any CPU.ActiveCfg = Debug|Any CPU
		{CA5FD39C-18EA-47BA-A831-9E009FC09406}.Debug|Any CPU.Build.0 = Debug|Any CPU
		{CA5FD39C-18EA-47BA-A831-9E009FC09406}.Release|Any CPU.ActiveCfg = Release|Any CPU
		{CA5FD39C-18EA-47BA-A831-9E009FC09406}.Release|Any CPU.Build.0 = Release|Any CPU
		{83993B81-44A3-4F8C-ACA2-69C06956ADCC}.Debug|Any CPU.ActiveCfg = Debug|Any CPU
		{83993B81-44A3-4F8C-ACA2-69C06956ADCC}.Debug|Any CPU.Build.0 = Debug|Any CPU
		{83993B81-44A3-4F8C-ACA2-69C06956ADCC}.Release|Any CPU.ActiveCfg = Release|Any CPU
		{83993B81-44A3-4F8C-ACA2-69C06956ADCC}.Release|Any CPU.Build.0 = Release|Any CPU
		{36151B09-93BA-4D4F-A51E-372BDC9B9DA1}.Debug|Any CPU.ActiveCfg = Debug|Any CPU
		{36151B09-93BA-4D4F-A51E-372BDC9B9DA1}.Debug|Any CPU.Build.0 = Debug|Any CPU
		{36151B09-93BA-4D4F-A51E-372BDC9B9DA1}.Release|Any CPU.ActiveCfg = Release|Any CPU
		{36151B09-93BA-4D4F-A51E-372BDC9B9DA1}.Release|Any CPU.Build.0 = Release|Any CPU
		{859644A8-9BB1-4E9C-B55A-0CAF2F4B5D77}.Debug|Any CPU.ActiveCfg = Debug|Any CPU
		{859644A8-9BB1-4E9C-B55A-0CAF2F4B5D77}.Debug|Any CPU.Build.0 = Debug|Any CPU
		{859644A8-9BB1-4E9C-B55A-0CAF2F4B5D77}.Release|Any CPU.ActiveCfg = Release|Any CPU
		{859644A8-9BB1-4E9C-B55A-0CAF2F4B5D77}.Release|Any CPU.Build.0 = Release|Any CPU
		{2105BA17-1BB3-43E3-9CB7-37F7CA733A1F}.Debug|Any CPU.ActiveCfg = Debug|Any CPU
		{2105BA17-1BB3-43E3-9CB7-37F7CA733A1F}.Debug|Any CPU.Build.0 = Debug|Any CPU
		{2105BA17-1BB3-43E3-9CB7-37F7CA733A1F}.Release|Any CPU.ActiveCfg = Release|Any CPU
		{2105BA17-1BB3-43E3-9CB7-37F7CA733A1F}.Release|Any CPU.Build.0 = Release|Any CPU
	EndGlobalSection
	GlobalSection(SolutionProperties) = preSolution
		HideSolutionNode = FALSE
	EndGlobalSection
EndGlobal
